
Microsoft Visual Studio Solution File, Format Version 12.00
# Visual Studio Version 16
VisualStudioVersion = 16.0.30611.23
MinimumVisualStudioVersion = 10.0.40219.1
Project("{FAE04EC0-301F-11D3-BF4B-00C04F79EFBC}") = "loginpage1", "loginpage1.csproj", "{43CFAB47-1CC0-4BD1-B0F3-6DCB1745CAED}"
EndProject
Global
	GlobalSection(SolutionConfigurationPlatforms) = preSolution
		Debug|Any CPU = Debug|Any CPU
		Release|Any CPU = Release|Any CPU
	EndGlobalSection
	GlobalSection(ProjectConfigurationPlatforms) = postSolution
		{43CFAB47-1CC0-4BD1-B0F3-6DCB1745CAED}.Debug|Any CPU.ActiveCfg = Debug|Any CPU
		{43CFAB47-1CC0-4BD1-B0F3-6DCB1745CAED}.Debug|Any CPU.Build.0 = Debug|Any CPU
		{43CFAB47-1CC0-4BD1-B0F3-6DCB1745CAED}.Release|Any CPU.ActiveCfg = Release|Any CPU
		{43CFAB47-1CC0-4BD1-B0F3-6DCB1745CAED}.Release|Any CPU.Build.0 = Release|Any CPU
	EndGlobalSection
	GlobalSection(SolutionProperties) = preSolution
		HideSolutionNode = FALSE
	EndGlobalSection
	GlobalSection(ExtensibilityGlobals) = postSolution
		SolutionGuid = {C3C7375A-B131-4A33-9DB5-474D208691D8}
	EndGlobalSection
EndGlobal
